
Microsoft Visual Studio Solution File, Format Version 12.00
# Visual Studio Version 18
VisualStudioVersion = 18.0.11005.162
MinimumVisualStudioVersion = 10.0.40219.1
Project("{9A19103F-16F7-4668-BE54-9A1E7A4F7556}") = "CSharp", "2024_AoC\CSharp\CSharp.csproj", "{9FC68A29-60B0-471D-837F-849BB5115198}"
EndProject
Project("{2150E333-8FDC-42A3-9474-1A3956D46DE8}") = "Input", "Input", "{8DD12C4F-8653-4AD6-8B6D-ACCA45BB68E6}"
	ProjectSection(SolutionItems) = preProject
		2024_AoC\Input\01.txt = 2024_AoC\Input\01.txt
		2024_AoC\Input\02.txt = 2024_AoC\Input\02.txt
		2024_AoC\Input\03.txt = 2024_AoC\Input\03.txt
		2024_AoC\Input\06.txt = 2024_AoC\Input\06.txt
		2024_AoC\Input\23.txt = 2024_AoC\Input\23.txt
	EndProjectSection
EndProject
Project("{F2A71F9B-5D33-465A-A702-920D77279786}") = "FSharp", "2024_AoC\FSharp\FSharp.fsproj", "{6579084B-F470-49C6-9FA3-95FC72642E8D}"
EndProject
Global
	GlobalSection(SolutionConfigurationPlatforms) = preSolution
		Debug|Any CPU = Debug|Any CPU
		Release|Any CPU = Release|Any CPU
	EndGlobalSection
	GlobalSection(ProjectConfigurationPlatforms) = postSolution
		{9FC68A29-60B0-471D-837F-849BB5115198}.Debug|Any CPU.ActiveCfg = Debug|Any CPU
		{9FC68A29-60B0-471D-837F-849BB5115198}.Debug|Any CPU.Build.0 = Debug|Any CPU
		{9FC68A29-60B0-471D-837F-849BB5115198}.Release|Any CPU.ActiveCfg = Release|Any CPU
		{9FC68A29-60B0-471D-837F-849BB5115198}.Release|Any CPU.Build.0 = Release|Any CPU
		{6579084B-F470-49C6-9FA3-95FC72642E8D}.Debug|Any CPU.ActiveCfg = Debug|Any CPU
		{6579084B-F470-49C6-9FA3-95FC72642E8D}.Debug|Any CPU.Build.0 = Debug|Any CPU
		{6579084B-F470-49C6-9FA3-95FC72642E8D}.Release|Any CPU.ActiveCfg = Release|Any CPU
		{6579084B-F470-49C6-9FA3-95FC72642E8D}.Release|Any CPU.Build.0 = Release|Any CPU
	EndGlobalSection
	GlobalSection(SolutionProperties) = preSolution
		HideSolutionNode = FALSE
	EndGlobalSection
	GlobalSection(ExtensibilityGlobals) = postSolution
		SolutionGuid = {FAC4DCC9-8D64-4599-A486-B9F390638F05}
	EndGlobalSection
EndGlobal
