
Microsoft Visual Studio Solution File, Format Version 12.00
# Visual Studio Version 18
VisualStudioVersion = 18.0.11005.162
MinimumVisualStudioVersion = 10.0.40219.1
Project("{2150E333-8FDC-42A3-9474-1A3956D46DE8}") = "2024", "2024", "{3DDBA145-DC06-40F0-BD10-370B7A283A23}"
EndProject
Project("{FAE04EC0-301F-11D3-BF4B-00C04F79EFBC}") = "CSharp", "2024\CSharp\CSharp.csproj", "{30DACF92-948C-5414-FB94-7F9DB0E83A0A}"
EndProject
Project("{F2A71F9B-5D33-465A-A702-920D77279786}") = "FSharp", "2024\FSharp\FSharp.fsproj", "{91C692AE-50FE-2A7C-0E10-C24D8D03DBE2}"
EndProject
Project("{2150E333-8FDC-42A3-9474-1A3956D46DE8}") = "Input", "Input", "{61E6DB36-12F3-4487-A000-39EF8CABE166}"
EndProject
Project("{2150E333-8FDC-42A3-9474-1A3956D46DE8}") = "2024", "2024", "{8CD5A188-10A6-4E81-8D04-34EF5FD36768}"
	ProjectSection(SolutionItems) = preProject
		Input\2024\01.txt = Input\2024\01.txt
		Input\2024\02.txt = Input\2024\02.txt
		Input\2024\03.txt = Input\2024\03.txt
		Input\2024\06.txt = Input\2024\06.txt
		Input\2024\23.txt = Input\2024\23.txt
	EndProjectSection
EndProject
Project("{2150E333-8FDC-42A3-9474-1A3956D46DE8}") = "2025", "2025", "{9D4FE2E2-CC12-413C-8638-AF8186DB93AF}"
	ProjectSection(SolutionItems) = preProject
		Input\2025\01.txt = Input\2025\01.txt
	EndProjectSection
EndProject
Project("{2150E333-8FDC-42A3-9474-1A3956D46DE8}") = "2025", "2025", "{98CA3797-4094-403C-9ADD-D969B39919E9}"
EndProject
Project("{FAE04EC0-301F-11D3-BF4B-00C04F79EFBC}") = "CSharp", "2025\CSharp\CSharp.csproj", "{265FDF53-1ED1-D8F0-36FB-4DC91B6EE48B}"
EndProject
Global
	GlobalSection(SolutionConfigurationPlatforms) = preSolution
		Debug|Any CPU = Debug|Any CPU
		Release|Any CPU = Release|Any CPU
	EndGlobalSection
	GlobalSection(ProjectConfigurationPlatforms) = postSolution
		{30DACF92-948C-5414-FB94-7F9DB0E83A0A}.Debug|Any CPU.ActiveCfg = Debug|Any CPU
		{30DACF92-948C-5414-FB94-7F9DB0E83A0A}.Debug|Any CPU.Build.0 = Debug|Any CPU
		{30DACF92-948C-5414-FB94-7F9DB0E83A0A}.Release|Any CPU.ActiveCfg = Release|Any CPU
		{30DACF92-948C-5414-FB94-7F9DB0E83A0A}.Release|Any CPU.Build.0 = Release|Any CPU
		{91C692AE-50FE-2A7C-0E10-C24D8D03DBE2}.Debug|Any CPU.ActiveCfg = Debug|Any CPU
		{91C692AE-50FE-2A7C-0E10-C24D8D03DBE2}.Debug|Any CPU.Build.0 = Debug|Any CPU
		{91C692AE-50FE-2A7C-0E10-C24D8D03DBE2}.Release|Any CPU.ActiveCfg = Release|Any CPU
		{91C692AE-50FE-2A7C-0E10-C24D8D03DBE2}.Release|Any CPU.Build.0 = Release|Any CPU
		{265FDF53-1ED1-D8F0-36FB-4DC91B6EE48B}.Debug|Any CPU.ActiveCfg = Debug|Any CPU
		{265FDF53-1ED1-D8F0-36FB-4DC91B6EE48B}.Debug|Any CPU.Build.0 = Debug|Any CPU
		{265FDF53-1ED1-D8F0-36FB-4DC91B6EE48B}.Release|Any CPU.ActiveCfg = Release|Any CPU
		{265FDF53-1ED1-D8F0-36FB-4DC91B6EE48B}.Release|Any CPU.Build.0 = Release|Any CPU
	EndGlobalSection
	GlobalSection(SolutionProperties) = preSolution
		HideSolutionNode = FALSE
	EndGlobalSection
	GlobalSection(NestedProjects) = preSolution
		{30DACF92-948C-5414-FB94-7F9DB0E83A0A} = {3DDBA145-DC06-40F0-BD10-370B7A283A23}
		{91C692AE-50FE-2A7C-0E10-C24D8D03DBE2} = {3DDBA145-DC06-40F0-BD10-370B7A283A23}
		{8CD5A188-10A6-4E81-8D04-34EF5FD36768} = {61E6DB36-12F3-4487-A000-39EF8CABE166}
		{9D4FE2E2-CC12-413C-8638-AF8186DB93AF} = {61E6DB36-12F3-4487-A000-39EF8CABE166}
		{265FDF53-1ED1-D8F0-36FB-4DC91B6EE48B} = {98CA3797-4094-403C-9ADD-D969B39919E9}
	EndGlobalSection
	GlobalSection(ExtensibilityGlobals) = postSolution
		SolutionGuid = {FAC4DCC9-8D64-4599-A486-B9F390638F05}
	EndGlobalSection
EndGlobal
