
Microsoft Visual Studio Solution File, Format Version 12.00
# Visual Studio Version 16
VisualStudioVersion = 16.0.30709.132
MinimumVisualStudioVersion = 10.0.40219.1
Project("{9A19103F-16F7-4668-BE54-9A1E7A4F7556}") = "01", "01\01.csproj", "{26255DA0-E7FB-44DE-8732-F982752C0653}"
EndProject
Project("{9A19103F-16F7-4668-BE54-9A1E7A4F7556}") = "02", "02\02.csproj", "{02A97E06-304D-4EB3-8EA8-E9AE79909C44}"
EndProject
Project("{9A19103F-16F7-4668-BE54-9A1E7A4F7556}") = "Common", "Common\Common.csproj", "{C5D6FB56-6CD9-4C91-8BF2-D7E1B4D40F07}"
EndProject
Project("{9A19103F-16F7-4668-BE54-9A1E7A4F7556}") = "03", "03\03.csproj", "{8809CEEC-CA2B-4E48-9707-C7C944216FA8}"
EndProject
Project("{2150E333-8FDC-42A3-9474-1A3956D46DE8}") = "Resources", "Resources", "{7E829880-843A-45F2-A533-85726C455ED5}"
	ProjectSection(SolutionItems) = preProject
		Resources\03-example.txt = Resources\03-example.txt
		Resources\03.txt = Resources\03.txt
		10-example.txt = 10-example.txt
		Resources\10.txt = Resources\10.txt
	EndProjectSection
EndProject
Project("{9A19103F-16F7-4668-BE54-9A1E7A4F7556}") = "10", "10\10.csproj", "{F9EF8134-F831-411E-BA22-898C22B41937}"
EndProject
Project("{9A19103F-16F7-4668-BE54-9A1E7A4F7556}") = "04", "04\04.csproj", "{73934F1A-EFA3-4591-A4EF-72877EB930BB}"
EndProject
Project("{FAE04EC0-301F-11D3-BF4B-00C04F79EFBC}") = "11", "11\11.csproj", "{6556884E-E8E3-4DF2-AF0F-FAC55CA7C388}"
EndProject
Global
	GlobalSection(SolutionConfigurationPlatforms) = preSolution
		Debug|Any CPU = Debug|Any CPU
		Release|Any CPU = Release|Any CPU
	EndGlobalSection
	GlobalSection(ProjectConfigurationPlatforms) = postSolution
		{26255DA0-E7FB-44DE-8732-F982752C0653}.Debug|Any CPU.ActiveCfg = Debug|Any CPU
		{26255DA0-E7FB-44DE-8732-F982752C0653}.Debug|Any CPU.Build.0 = Debug|Any CPU
		{26255DA0-E7FB-44DE-8732-F982752C0653}.Release|Any CPU.ActiveCfg = Release|Any CPU
		{26255DA0-E7FB-44DE-8732-F982752C0653}.Release|Any CPU.Build.0 = Release|Any CPU
		{02A97E06-304D-4EB3-8EA8-E9AE79909C44}.Debug|Any CPU.ActiveCfg = Debug|Any CPU
		{02A97E06-304D-4EB3-8EA8-E9AE79909C44}.Debug|Any CPU.Build.0 = Debug|Any CPU
		{02A97E06-304D-4EB3-8EA8-E9AE79909C44}.Release|Any CPU.ActiveCfg = Release|Any CPU
		{02A97E06-304D-4EB3-8EA8-E9AE79909C44}.Release|Any CPU.Build.0 = Release|Any CPU
		{C5D6FB56-6CD9-4C91-8BF2-D7E1B4D40F07}.Debug|Any CPU.ActiveCfg = Debug|Any CPU
		{C5D6FB56-6CD9-4C91-8BF2-D7E1B4D40F07}.Debug|Any CPU.Build.0 = Debug|Any CPU
		{C5D6FB56-6CD9-4C91-8BF2-D7E1B4D40F07}.Release|Any CPU.ActiveCfg = Release|Any CPU
		{C5D6FB56-6CD9-4C91-8BF2-D7E1B4D40F07}.Release|Any CPU.Build.0 = Release|Any CPU
		{8809CEEC-CA2B-4E48-9707-C7C944216FA8}.Debug|Any CPU.ActiveCfg = Debug|Any CPU
		{8809CEEC-CA2B-4E48-9707-C7C944216FA8}.Debug|Any CPU.Build.0 = Debug|Any CPU
		{8809CEEC-CA2B-4E48-9707-C7C944216FA8}.Release|Any CPU.ActiveCfg = Release|Any CPU
		{8809CEEC-CA2B-4E48-9707-C7C944216FA8}.Release|Any CPU.Build.0 = Release|Any CPU
		{F9EF8134-F831-411E-BA22-898C22B41937}.Debug|Any CPU.ActiveCfg = Debug|Any CPU
		{F9EF8134-F831-411E-BA22-898C22B41937}.Debug|Any CPU.Build.0 = Debug|Any CPU
		{F9EF8134-F831-411E-BA22-898C22B41937}.Release|Any CPU.ActiveCfg = Release|Any CPU
		{F9EF8134-F831-411E-BA22-898C22B41937}.Release|Any CPU.Build.0 = Release|Any CPU
		{73934F1A-EFA3-4591-A4EF-72877EB930BB}.Debug|Any CPU.ActiveCfg = Debug|Any CPU
		{73934F1A-EFA3-4591-A4EF-72877EB930BB}.Debug|Any CPU.Build.0 = Debug|Any CPU
		{73934F1A-EFA3-4591-A4EF-72877EB930BB}.Release|Any CPU.ActiveCfg = Release|Any CPU
		{73934F1A-EFA3-4591-A4EF-72877EB930BB}.Release|Any CPU.Build.0 = Release|Any CPU
		{6556884E-E8E3-4DF2-AF0F-FAC55CA7C388}.Debug|Any CPU.ActiveCfg = Debug|Any CPU
		{6556884E-E8E3-4DF2-AF0F-FAC55CA7C388}.Debug|Any CPU.Build.0 = Debug|Any CPU
		{6556884E-E8E3-4DF2-AF0F-FAC55CA7C388}.Release|Any CPU.ActiveCfg = Release|Any CPU
		{6556884E-E8E3-4DF2-AF0F-FAC55CA7C388}.Release|Any CPU.Build.0 = Release|Any CPU
	EndGlobalSection
	GlobalSection(SolutionProperties) = preSolution
		HideSolutionNode = FALSE
	EndGlobalSection
	GlobalSection(ExtensibilityGlobals) = postSolution
		SolutionGuid = {87E9BA6C-E9F7-4A3C-8D72-CDD453DAE1EB}
	EndGlobalSection
EndGlobal
