
Microsoft Visual Studio Solution File, Format Version 12.00
# Visual Studio Version 16
VisualStudioVersion = 16.0.30709.132
MinimumVisualStudioVersion = 10.0.40219.1
Project("{9A19103F-16F7-4668-BE54-9A1E7A4F7556}") = "Common", "Common\Common.csproj", "{C5D6FB56-6CD9-4C91-8BF2-D7E1B4D40F07}"
EndProject
Project("{2150E333-8FDC-42A3-9474-1A3956D46DE8}") = "Resources", "Resources", "{7E829880-843A-45F2-A533-85726C455ED5}"
	ProjectSection(SolutionItems) = preProject
		Resources\01.txt = Resources\01.txt
		Resources\02.txt = Resources\02.txt
		Resources\03-example.txt = Resources\03-example.txt
		Resources\03.txt = Resources\03.txt
		Resources\04.txt = Resources\04.txt
		Resources\07.txt = Resources\07.txt
		10-example.txt = 10-example.txt
		Resources\10-example.txt = Resources\10-example.txt
		Resources\10.txt = Resources\10.txt
		Resources\11.txt = Resources\11.txt
		Resources\12.txt = Resources\12.txt
		Resources\13.txt = Resources\13.txt
		Resources\15.txt = Resources\15.txt
		Resources\17-example.txt = Resources\17-example.txt
		Resources\17.txt = Resources\17.txt
		Resources\18.txt = Resources\18.txt
		Resources\20.txt = Resources\20.txt
		Resources\21.txt = Resources\21.txt
	EndProjectSection
EndProject
Project("{9A19103F-16F7-4668-BE54-9A1E7A4F7556}") = "Solutions", "Solutions\Solutions.csproj", "{D57C352A-2A01-40CE-88B3-7A60711BA322}"
EndProject
Global
	GlobalSection(SolutionConfigurationPlatforms) = preSolution
		Debug|Any CPU = Debug|Any CPU
		Release|Any CPU = Release|Any CPU
	EndGlobalSection
	GlobalSection(ProjectConfigurationPlatforms) = postSolution
		{C5D6FB56-6CD9-4C91-8BF2-D7E1B4D40F07}.Debug|Any CPU.ActiveCfg = Debug|Any CPU
		{C5D6FB56-6CD9-4C91-8BF2-D7E1B4D40F07}.Debug|Any CPU.Build.0 = Debug|Any CPU
		{C5D6FB56-6CD9-4C91-8BF2-D7E1B4D40F07}.Release|Any CPU.ActiveCfg = Release|Any CPU
		{C5D6FB56-6CD9-4C91-8BF2-D7E1B4D40F07}.Release|Any CPU.Build.0 = Release|Any CPU
		{D57C352A-2A01-40CE-88B3-7A60711BA322}.Debug|Any CPU.ActiveCfg = Debug|Any CPU
		{D57C352A-2A01-40CE-88B3-7A60711BA322}.Debug|Any CPU.Build.0 = Debug|Any CPU
		{D57C352A-2A01-40CE-88B3-7A60711BA322}.Release|Any CPU.ActiveCfg = Release|Any CPU
		{D57C352A-2A01-40CE-88B3-7A60711BA322}.Release|Any CPU.Build.0 = Release|Any CPU
	EndGlobalSection
	GlobalSection(SolutionProperties) = preSolution
		HideSolutionNode = FALSE
	EndGlobalSection
	GlobalSection(ExtensibilityGlobals) = postSolution
		SolutionGuid = {87E9BA6C-E9F7-4A3C-8D72-CDD453DAE1EB}
	EndGlobalSection
EndGlobal
